{
	"name": "pages-action",
	"version": "1.5.0",
	"lockfileVersion": 2,
	"requires": true,
	"packages": {
		"": {
			"name": "pages-action",
			"version": "1.5.0",
			"license": "MIT",
			"dependencies": {
				"@actions/core": "^1.10.0",
				"@actions/github": "^5.1.1",
				"@cloudflare/types": "^6.18.16",
				"shellac": "^0.7.2",
				"undici": "^5.19.1"
			},
			"devDependencies": {
				"@types/node": "^18.11.3",
				"esbuild": "^0.15.12",
				"husky": "^8.0.1",
				"prettier": "^2.8.1",
				"typescript": "^4.6.4"
			}
		},
		"node_modules/@actions/core": {
			"version": "1.10.0",
			"resolved": "https://registry.npmjs.org/@actions/core/-/core-1.10.0.tgz",
			"integrity": "sha512-2aZDDa3zrrZbP5ZYg159sNoLRb61nQ7awl5pSvIq5Qpj81vwDzdMRKzkWJGJuwVvWpvZKx7vspJALyvaaIQyug==",
			"dependencies": {
				"@actions/http-client": "^2.0.1",
				"uuid": "^8.3.2"
			}
		},
		"node_modules/@actions/github": {
			"version": "5.1.1",
			"resolved": "https://registry.npmjs.org/@actions/github/-/github-5.1.1.tgz",
			"integrity": "sha512-Nk59rMDoJaV+mHCOJPXuvB1zIbomlKS0dmSIqPGxd0enAXBnOfn4VWF+CGtRCwXZG9Epa54tZA7VIRlJDS8A6g==",
			"dependencies": {
				"@actions/http-client": "^2.0.1",
				"@octokit/core": "^3.6.0",
				"@octokit/plugin-paginate-rest": "^2.17.0",
				"@octokit/plugin-rest-endpoint-methods": "^5.13.0"
			}
		},
		"node_modules/@actions/http-client": {
			"version": "2.0.1",
			"resolved": "https://registry.npmjs.org/@actions/http-client/-/http-client-2.0.1.tgz",
			"integrity": "sha512-PIXiMVtz6VvyaRsGY268qvj57hXQEpsYogYOu2nrQhlf+XCGmZstmuZBbAybUl1nQGnvS1k1eEsQ69ZoD7xlSw==",
			"dependencies": {
				"tunnel": "^0.0.6"
			}
		},
		"node_modules/@cloudflare/intl-types": {
			"version": "1.2.0",
			"resolved": "https://registry.npmjs.org/@cloudflare/intl-types/-/intl-types-1.2.0.tgz",
			"integrity": "sha512-xgGzLisCOrN4KMbGH+WKUTiLB9fhLMSrnmwfDlV51KVd+6+7hJnUAlJ8Vuqj2x40IgI3ELaN3DTh1FY1B9hkgQ==",
			"peerDependencies": {
				"react": "^15.0.0-0 || ^16.0.0-0 || ^17.0.0-0"
			}
		},
		"node_modules/@cloudflare/types": {
			"version": "6.18.16",
			"resolved": "https://registry.npmjs.org/@cloudflare/types/-/types-6.18.16.tgz",
			"integrity": "sha512-CTlwcgdnksgnifcWj91mUCDn9gdm8NAG4dQ8NzVv3IrQT+YuhBJxXelJwucJZQYv7hL/gzbveyf/ikP6kljsdA==",
			"dependencies": {
				"@cloudflare/intl-types": "^1.2.0",
				"@cloudflare/util-en-garde": "^8.0.10"
			},
			"peerDependencies": {
				"react": "^15.0.0-0 || ^16.0.0-0 || ^17.0.0-0"
			}
		},
		"node_modules/@cloudflare/util-en-garde": {
			"version": "8.0.10",
			"resolved": "https://registry.npmjs.org/@cloudflare/util-en-garde/-/util-en-garde-8.0.10.tgz",
			"integrity": "sha512-qdCFf90hoZzT4o4xEmxOKUf9+bEJNGh4ANnRYApo6BMyVnHoHEHAQ3nWmGSHBmo+W9hOk2Ik7r1oHLbI0O/RRg==",
			"dependencies": {
				"fp-ts": "^2.1.1",
				"io-ts": "^2.0.1"
			}
		},
		"node_modules/@esbuild/android-arm": {
			"version": "0.15.12",
			"resolved": "https://registry.npmjs.org/@esbuild/android-arm/-/android-arm-0.15.12.tgz",
			"integrity": "sha512-IC7TqIqiyE0MmvAhWkl/8AEzpOtbhRNDo7aph47We1NbE5w2bt/Q+giAhe0YYeVpYnIhGMcuZY92qDK6dQauvA==",
			"cpu": [
				"arm"
			],
			"dev": true,
			"optional": true,
			"os": [
				"android"
			],
			"engines": {
				"node": ">=12"
			}
		},
		"node_modules/@esbuild/linux-loong64": {
			"version": "0.15.12",
			"resolved": "https://registry.npmjs.org/@esbuild/linux-loong64/-/linux-loong64-0.15.12.tgz",
			"integrity": "sha512-tZEowDjvU7O7I04GYvWQOS4yyP9E/7YlsB0jjw1Ycukgr2ycEzKyIk5tms5WnLBymaewc6VmRKnn5IJWgK4eFw==",
			"cpu": [
				"loong64"
			],
			"dev": true,
			"optional": true,
			"os": [
				"linux"
			],
			"engines": {
				"node": ">=12"
			}
		},
		"node_modules/@octokit/auth-token": {
			"version": "2.5.0",
			"resolved": "https://registry.npmjs.org/@octokit/auth-token/-/auth-token-2.5.0.tgz",
			"integrity": "sha512-r5FVUJCOLl19AxiuZD2VRZ/ORjp/4IN98Of6YJoJOkY75CIBuYfmiNHGrDwXr+aLGG55igl9QrxX3hbiXlLb+g==",
			"dependencies": {
				"@octokit/types": "^6.0.3"
			}
		},
		"node_modules/@octokit/core": {
			"version": "3.6.0",
			"resolved": "https://registry.npmjs.org/@octokit/core/-/core-3.6.0.tgz",
			"integrity": "sha512-7RKRKuA4xTjMhY+eG3jthb3hlZCsOwg3rztWh75Xc+ShDWOfDDATWbeZpAHBNRpm4Tv9WgBMOy1zEJYXG6NJ7Q==",
			"dependencies": {
				"@octokit/auth-token": "^2.4.4",
				"@octokit/graphql": "^4.5.8",
				"@octokit/request": "^5.6.3",
				"@octokit/request-error": "^2.0.5",
				"@octokit/types": "^6.0.3",
				"before-after-hook": "^2.2.0",
				"universal-user-agent": "^6.0.0"
			}
		},
		"node_modules/@octokit/endpoint": {
			"version": "6.0.12",
			"resolved": "https://registry.npmjs.org/@octokit/endpoint/-/endpoint-6.0.12.tgz",
			"integrity": "sha512-lF3puPwkQWGfkMClXb4k/eUT/nZKQfxinRWJrdZaJO85Dqwo/G0yOC434Jr2ojwafWJMYqFGFa5ms4jJUgujdA==",
			"dependencies": {
				"@octokit/types": "^6.0.3",
				"is-plain-object": "^5.0.0",
				"universal-user-agent": "^6.0.0"
			}
		},
		"node_modules/@octokit/graphql": {
			"version": "4.8.0",
			"resolved": "https://registry.npmjs.org/@octokit/graphql/-/graphql-4.8.0.tgz",
			"integrity": "sha512-0gv+qLSBLKF0z8TKaSKTsS39scVKF9dbMxJpj3U0vC7wjNWFuIpL/z76Qe2fiuCbDRcJSavkXsVtMS6/dtQQsg==",
			"dependencies": {
				"@octokit/request": "^5.6.0",
				"@octokit/types": "^6.0.3",
				"universal-user-agent": "^6.0.0"
			}
		},
		"node_modules/@octokit/openapi-types": {
			"version": "12.11.0",
			"resolved": "https://registry.npmjs.org/@octokit/openapi-types/-/openapi-types-12.11.0.tgz",
			"integrity": "sha512-VsXyi8peyRq9PqIz/tpqiL2w3w80OgVMwBHltTml3LmVvXiphgeqmY9mvBw9Wu7e0QWk/fqD37ux8yP5uVekyQ=="
		},
		"node_modules/@octokit/plugin-paginate-rest": {
			"version": "2.21.3",
			"resolved": "https://registry.npmjs.org/@octokit/plugin-paginate-rest/-/plugin-paginate-rest-2.21.3.tgz",
			"integrity": "sha512-aCZTEf0y2h3OLbrgKkrfFdjRL6eSOo8komneVQJnYecAxIej7Bafor2xhuDJOIFau4pk0i/P28/XgtbyPF0ZHw==",
			"dependencies": {
				"@octokit/types": "^6.40.0"
			},
			"peerDependencies": {
				"@octokit/core": ">=2"
			}
		},
		"node_modules/@octokit/plugin-rest-endpoint-methods": {
			"version": "5.16.2",
			"resolved": "https://registry.npmjs.org/@octokit/plugin-rest-endpoint-methods/-/plugin-rest-endpoint-methods-5.16.2.tgz",
			"integrity": "sha512-8QFz29Fg5jDuTPXVtey05BLm7OB+M8fnvE64RNegzX7U+5NUXcOcnpTIK0YfSHBg8gYd0oxIq3IZTe9SfPZiRw==",
			"dependencies": {
				"@octokit/types": "^6.39.0",
				"deprecation": "^2.3.1"
			},
			"peerDependencies": {
				"@octokit/core": ">=3"
			}
		},
		"node_modules/@octokit/request": {
			"version": "5.6.3",
			"resolved": "https://registry.npmjs.org/@octokit/request/-/request-5.6.3.tgz",
			"integrity": "sha512-bFJl0I1KVc9jYTe9tdGGpAMPy32dLBXXo1dS/YwSCTL/2nd9XeHsY616RE3HPXDVk+a+dBuzyz5YdlXwcDTr2A==",
			"dependencies": {
				"@octokit/endpoint": "^6.0.1",
				"@octokit/request-error": "^2.1.0",
				"@octokit/types": "^6.16.1",
				"is-plain-object": "^5.0.0",
				"node-fetch": "^2.6.7",
				"universal-user-agent": "^6.0.0"
			}
		},
		"node_modules/@octokit/request-error": {
			"version": "2.1.0",
			"resolved": "https://registry.npmjs.org/@octokit/request-error/-/request-error-2.1.0.tgz",
			"integrity": "sha512-1VIvgXxs9WHSjicsRwq8PlR2LR2x6DwsJAaFgzdi0JfJoGSO8mYI/cHJQ+9FbN21aa+DrgNLnwObmyeSC8Rmpg==",
			"dependencies": {
				"@octokit/types": "^6.0.3",
				"deprecation": "^2.0.0",
				"once": "^1.4.0"
			}
		},
		"node_modules/@octokit/types": {
			"version": "6.41.0",
			"resolved": "https://registry.npmjs.org/@octokit/types/-/types-6.41.0.tgz",
			"integrity": "sha512-eJ2jbzjdijiL3B4PrSQaSjuF2sPEQPVCPzBvTHJD9Nz+9dw2SGH4K4xeQJ77YfTq5bRQ+bD8wT11JbeDPmxmGg==",
			"dependencies": {
				"@octokit/openapi-types": "^12.11.0"
			}
		},
		"node_modules/@types/node": {
			"version": "18.11.3",
			"resolved": "https://registry.npmjs.org/@types/node/-/node-18.11.3.tgz",
			"integrity": "sha512-fNjDQzzOsZeKZu5NATgXUPsaFaTxeRgFXoosrHivTl8RGeV733OLawXsGfEk9a8/tySyZUyiZ6E8LcjPFZ2y1A==",
			"dev": true
		},
		"node_modules/before-after-hook": {
			"version": "2.2.3",
			"resolved": "https://registry.npmjs.org/before-after-hook/-/before-after-hook-2.2.3.tgz",
			"integrity": "sha512-NzUnlZexiaH/46WDhANlyR2bXRopNg4F/zuSA3OpZnllCUgRaOF2znDioDWrmbNVsuZk6l9pMquQB38cfBZwkQ=="
		},
		"node_modules/busboy": {
			"version": "1.6.0",
			"resolved": "https://registry.npmjs.org/busboy/-/busboy-1.6.0.tgz",
			"integrity": "sha512-8SFQbg/0hQ9xy3UNTB0YEnsNBbWfhf7RtnzpL7TkBiTBRfrQ9Fxcnz7VJsleJpyp6rVLvXiuORqjlHi5q+PYuA==",
			"dependencies": {
				"streamsearch": "^1.1.0"
			},
			"engines": {
				"node": ">=10.16.0"
			}
		},
		"node_modules/deprecation": {
			"version": "2.3.1",
			"resolved": "https://registry.npmjs.org/deprecation/-/deprecation-2.3.1.tgz",
			"integrity": "sha512-xmHIy4F3scKVwMsQ4WnVaS8bHOx0DmVwRywosKhaILI0ywMDWPtBSku2HNxRvF7jtwDRsoEwYQSfbxj8b7RlJQ=="
		},
		"node_modules/esbuild": {
			"version": "0.15.12",
			"resolved": "https://registry.npmjs.org/esbuild/-/esbuild-0.15.12.tgz",
			"integrity": "sha512-PcT+/wyDqJQsRVhaE9uX/Oq4XLrFh0ce/bs2TJh4CSaw9xuvI+xFrH2nAYOADbhQjUgAhNWC5LKoUsakm4dxng==",
			"dev": true,
			"hasInstallScript": true,
			"bin": {
				"esbuild": "bin/esbuild"
			},
			"engines": {
				"node": ">=12"
			},
			"optionalDependencies": {
				"@esbuild/android-arm": "0.15.12",
				"@esbuild/linux-loong64": "0.15.12",
				"esbuild-android-64": "0.15.12",
				"esbuild-android-arm64": "0.15.12",
				"esbuild-darwin-64": "0.15.12",
				"esbuild-darwin-arm64": "0.15.12",
				"esbuild-freebsd-64": "0.15.12",
				"esbuild-freebsd-arm64": "0.15.12",
				"esbuild-linux-32": "0.15.12",
				"esbuild-linux-64": "0.15.12",
				"esbuild-linux-arm": "0.15.12",
				"esbuild-linux-arm64": "0.15.12",
				"esbuild-linux-mips64le": "0.15.12",
				"esbuild-linux-ppc64le": "0.15.12",
				"esbuild-linux-riscv64": "0.15.12",
				"esbuild-linux-s390x": "0.15.12",
				"esbuild-netbsd-64": "0.15.12",
				"esbuild-openbsd-64": "0.15.12",
				"esbuild-sunos-64": "0.15.12",
				"esbuild-windows-32": "0.15.12",
				"esbuild-windows-64": "0.15.12",
				"esbuild-windows-arm64": "0.15.12"
			}
		},
		"node_modules/esbuild-android-64": {
			"version": "0.15.12",
			"resolved": "https://registry.npmjs.org/esbuild-android-64/-/esbuild-android-64-0.15.12.tgz",
			"integrity": "sha512-MJKXwvPY9g0rGps0+U65HlTsM1wUs9lbjt5CU19RESqycGFDRijMDQsh68MtbzkqWSRdEtiKS1mtPzKneaAI0Q==",
			"cpu": [
				"x64"
			],
			"dev": true,
			"optional": true,
			"os": [
				"android"
			],
			"engines": {
				"node": ">=12"
			}
		},
		"node_modules/esbuild-android-arm64": {
			"version": "0.15.12",
			"resolved": "https://registry.npmjs.org/esbuild-android-arm64/-/esbuild-android-arm64-0.15.12.tgz",
			"integrity": "sha512-Hc9SEcZbIMhhLcvhr1DH+lrrec9SFTiRzfJ7EGSBZiiw994gfkVV6vG0sLWqQQ6DD7V4+OggB+Hn0IRUdDUqvA==",
			"cpu": [
				"arm64"
			],
			"dev": true,
			"optional": true,
			"os": [
				"android"
			],
			"engines": {
				"node": ">=12"
			}
		},
		"node_modules/esbuild-darwin-64": {
			"version": "0.15.12",
			"resolved": "https://registry.npmjs.org/esbuild-darwin-64/-/esbuild-darwin-64-0.15.12.tgz",
			"integrity": "sha512-qkmqrTVYPFiePt5qFjP8w/S+GIUMbt6k8qmiPraECUWfPptaPJUGkCKrWEfYFRWB7bY23FV95rhvPyh/KARP8Q==",
			"cpu": [
				"x64"
			],
			"dev": true,
			"optional": true,
			"os": [
				"darwin"
			],
			"engines": {
				"node": ">=12"
			}
		},
		"node_modules/esbuild-darwin-arm64": {
			"version": "0.15.12",
			"resolved": "https://registry.npmjs.org/esbuild-darwin-arm64/-/esbuild-darwin-arm64-0.15.12.tgz",
			"integrity": "sha512-z4zPX02tQ41kcXMyN3c/GfZpIjKoI/BzHrdKUwhC/Ki5BAhWv59A9M8H+iqaRbwpzYrYidTybBwiZAIWCLJAkw==",
			"cpu": [
				"arm64"
			],
			"dev": true,
			"optional": true,
			"os": [
				"darwin"
			],
			"engines": {
				"node": ">=12"
			}
		},
		"node_modules/esbuild-freebsd-64": {
			"version": "0.15.12",
			"resolved": "https://registry.npmjs.org/esbuild-freebsd-64/-/esbuild-freebsd-64-0.15.12.tgz",
			"integrity": "sha512-XFL7gKMCKXLDiAiBjhLG0XECliXaRLTZh6hsyzqUqPUf/PY4C6EJDTKIeqqPKXaVJ8+fzNek88285krSz1QECw==",
			"cpu": [
				"x64"
			],
			"dev": true,
			"optional": true,
			"os": [
				"freebsd"
			],
			"engines": {
				"node": ">=12"
			}
		},
		"node_modules/esbuild-freebsd-arm64": {
			"version": "0.15.12",
			"resolved": "https://registry.npmjs.org/esbuild-freebsd-arm64/-/esbuild-freebsd-arm64-0.15.12.tgz",
			"integrity": "sha512-jwEIu5UCUk6TjiG1X+KQnCGISI+ILnXzIzt9yDVrhjug2fkYzlLbl0K43q96Q3KB66v6N1UFF0r5Ks4Xo7i72g==",
			"cpu": [
				"arm64"
			],
			"dev": true,
			"optional": true,
			"os": [
				"freebsd"
			],
			"engines": {
				"node": ">=12"
			}
		},
		"node_modules/esbuild-linux-32": {
			"version": "0.15.12",
			"resolved": "https://registry.npmjs.org/esbuild-linux-32/-/esbuild-linux-32-0.15.12.tgz",
			"integrity": "sha512-uSQuSEyF1kVzGzuIr4XM+v7TPKxHjBnLcwv2yPyCz8riV8VUCnO/C4BF3w5dHiVpCd5Z1cebBtZJNlC4anWpwA==",
			"cpu": [
				"ia32"
			],
			"dev": true,
			"optional": true,
			"os": [
				"linux"
			],
			"engines": {
				"node": ">=12"
			}
		},
		"node_modules/esbuild-linux-64": {
			"version": "0.15.12",
			"resolved": "https://registry.npmjs.org/esbuild-linux-64/-/esbuild-linux-64-0.15.12.tgz",
			"integrity": "sha512-QcgCKb7zfJxqT9o5z9ZUeGH1k8N6iX1Y7VNsEi5F9+HzN1OIx7ESxtQXDN9jbeUSPiRH1n9cw6gFT3H4qbdvcA==",
			"cpu": [
				"x64"
			],
			"dev": true,
			"optional": true,
			"os": [
				"linux"
			],
			"engines": {
				"node": ">=12"
			}
		},
		"node_modules/esbuild-linux-arm": {
			"version": "0.15.12",
			"resolved": "https://registry.npmjs.org/esbuild-linux-arm/-/esbuild-linux-arm-0.15.12.tgz",
			"integrity": "sha512-Wf7T0aNylGcLu7hBnzMvsTfEXdEdJY/hY3u36Vla21aY66xR0MS5I1Hw8nVquXjTN0A6fk/vnr32tkC/C2lb0A==",
			"cpu": [
				"arm"
			],
			"dev": true,
			"optional": true,
			"os": [
				"linux"
			],
			"engines": {
				"node": ">=12"
			}
		},
		"node_modules/esbuild-linux-arm64": {
			"version": "0.15.12",
			"resolved": "https://registry.npmjs.org/esbuild-linux-arm64/-/esbuild-linux-arm64-0.15.12.tgz",
			"integrity": "sha512-HtNq5xm8fUpZKwWKS2/YGwSfTF+339L4aIA8yphNKYJckd5hVdhfdl6GM2P3HwLSCORS++++7++//ApEwXEuAQ==",
			"cpu": [
				"arm64"
			],
			"dev": true,
			"optional": true,
			"os": [
				"linux"
			],
			"engines": {
				"node": ">=12"
			}
		},
		"node_modules/esbuild-linux-mips64le": {
			"version": "0.15.12",
			"resolved": "https://registry.npmjs.org/esbuild-linux-mips64le/-/esbuild-linux-mips64le-0.15.12.tgz",
			"integrity": "sha512-Qol3+AvivngUZkTVFgLpb0H6DT+N5/zM3V1YgTkryPYFeUvuT5JFNDR3ZiS6LxhyF8EE+fiNtzwlPqMDqVcc6A==",
			"cpu": [
				"mips64el"
			],
			"dev": true,
			"optional": true,
			"os": [
				"linux"
			],
			"engines": {
				"node": ">=12"
			}
		},
		"node_modules/esbuild-linux-ppc64le": {
			"version": "0.15.12",
			"resolved": "https://registry.npmjs.org/esbuild-linux-ppc64le/-/esbuild-linux-ppc64le-0.15.12.tgz",
			"integrity": "sha512-4D8qUCo+CFKaR0cGXtGyVsOI7w7k93Qxb3KFXWr75An0DHamYzq8lt7TNZKoOq/Gh8c40/aKaxvcZnTgQ0TJNg==",
			"cpu": [
				"ppc64"
			],
			"dev": true,
			"optional": true,
			"os": [
				"linux"
			],
			"engines": {
				"node": ">=12"
			}
		},
		"node_modules/esbuild-linux-riscv64": {
			"version": "0.15.12",
			"resolved": "https://registry.npmjs.org/esbuild-linux-riscv64/-/esbuild-linux-riscv64-0.15.12.tgz",
			"integrity": "sha512-G9w6NcuuCI6TUUxe6ka0enjZHDnSVK8bO+1qDhMOCtl7Tr78CcZilJj8SGLN00zO5iIlwNRZKHjdMpfFgNn1VA==",
			"cpu": [
				"riscv64"
			],
			"dev": true,
			"optional": true,
			"os": [
				"linux"
			],
			"engines": {
				"node": ">=12"
			}
		},
		"node_modules/esbuild-linux-s390x": {
			"version": "0.15.12",
			"resolved": "https://registry.npmjs.org/esbuild-linux-s390x/-/esbuild-linux-s390x-0.15.12.tgz",
			"integrity": "sha512-Lt6BDnuXbXeqSlVuuUM5z18GkJAZf3ERskGZbAWjrQoi9xbEIsj/hEzVnSAFLtkfLuy2DE4RwTcX02tZFunXww==",
			"cpu": [
				"s390x"
			],
			"dev": true,
			"optional": true,
			"os": [
				"linux"
			],
			"engines": {
				"node": ">=12"
			}
		},
		"node_modules/esbuild-netbsd-64": {
			"version": "0.15.12",
			"resolved": "https://registry.npmjs.org/esbuild-netbsd-64/-/esbuild-netbsd-64-0.15.12.tgz",
			"integrity": "sha512-jlUxCiHO1dsqoURZDQts+HK100o0hXfi4t54MNRMCAqKGAV33JCVvMplLAa2FwviSojT/5ZG5HUfG3gstwAG8w==",
			"cpu": [
				"x64"
			],
			"dev": true,
			"optional": true,
			"os": [
				"netbsd"
			],
			"engines": {
				"node": ">=12"
			}
		},
		"node_modules/esbuild-openbsd-64": {
			"version": "0.15.12",
			"resolved": "https://registry.npmjs.org/esbuild-openbsd-64/-/esbuild-openbsd-64-0.15.12.tgz",
			"integrity": "sha512-1o1uAfRTMIWNOmpf8v7iudND0L6zRBYSH45sofCZywrcf7NcZA+c7aFsS1YryU+yN7aRppTqdUK1PgbZVaB1Dw==",
			"cpu": [
				"x64"
			],
			"dev": true,
			"optional": true,
			"os": [
				"openbsd"
			],
			"engines": {
				"node": ">=12"
			}
		},
		"node_modules/esbuild-sunos-64": {
			"version": "0.15.12",
			"resolved": "https://registry.npmjs.org/esbuild-sunos-64/-/esbuild-sunos-64-0.15.12.tgz",
			"integrity": "sha512-nkl251DpoWoBO9Eq9aFdoIt2yYmp4I3kvQjba3jFKlMXuqQ9A4q+JaqdkCouG3DHgAGnzshzaGu6xofGcXyPXg==",
			"cpu": [
				"x64"
			],
			"dev": true,
			"optional": true,
			"os": [
				"sunos"
			],
			"engines": {
				"node": ">=12"
			}
		},
		"node_modules/esbuild-windows-32": {
			"version": "0.15.12",
			"resolved": "https://registry.npmjs.org/esbuild-windows-32/-/esbuild-windows-32-0.15.12.tgz",
			"integrity": "sha512-WlGeBZHgPC00O08luIp5B2SP4cNCp/PcS+3Pcg31kdcJPopHxLkdCXtadLU9J82LCfw4TVls21A6lilQ9mzHrw==",
			"cpu": [
				"ia32"
			],
			"dev": true,
			"optional": true,
			"os": [
				"win32"
			],
			"engines": {
				"node": ">=12"
			}
		},
		"node_modules/esbuild-windows-64": {
			"version": "0.15.12",
			"resolved": "https://registry.npmjs.org/esbuild-windows-64/-/esbuild-windows-64-0.15.12.tgz",
			"integrity": "sha512-VActO3WnWZSN//xjSfbiGOSyC+wkZtI8I4KlgrTo5oHJM6z3MZZBCuFaZHd8hzf/W9KPhF0lY8OqlmWC9HO5AA==",
			"cpu": [
				"x64"
			],
			"dev": true,
			"optional": true,
			"os": [
				"win32"
			],
			"engines": {
				"node": ">=12"
			}
		},
		"node_modules/esbuild-windows-arm64": {
			"version": "0.15.12",
			"resolved": "https://registry.npmjs.org/esbuild-windows-arm64/-/esbuild-windows-arm64-0.15.12.tgz",
			"integrity": "sha512-Of3MIacva1OK/m4zCNIvBfz8VVROBmQT+gRX6pFTLPngFYcj6TFH/12VveAqq1k9VB2l28EoVMNMUCcmsfwyuA==",
			"cpu": [
				"arm64"
			],
			"dev": true,
			"optional": true,
			"os": [
				"win32"
			],
			"engines": {
				"node": ">=12"
			}
		},
		"node_modules/fp-ts": {
			"version": "2.13.1",
			"resolved": "https://registry.npmjs.org/fp-ts/-/fp-ts-2.13.1.tgz",
			"integrity": "sha512-0eu5ULPS2c/jsa1lGFneEFFEdTbembJv8e4QKXeVJ3lm/5hyve06dlKZrpxmMwJt6rYen7sxmHHK2CLaXvWuWQ=="
		},
		"node_modules/husky": {
			"version": "8.0.1",
			"resolved": "https://registry.npmjs.org/husky/-/husky-8.0.1.tgz",
			"integrity": "sha512-xs7/chUH/CKdOCs7Zy0Aev9e/dKOMZf3K1Az1nar3tzlv0jfqnYtu235bstsWTmXOR0EfINrPa97yy4Lz6RiKw==",
			"dev": true,
			"bin": {
				"husky": "lib/bin.js"
			},
			"engines": {
				"node": ">=14"
			},
			"funding": {
				"url": "https://github.com/sponsors/typicode"
			}
		},
		"node_modules/io-ts": {
			"version": "2.2.19",
			"resolved": "https://registry.npmjs.org/io-ts/-/io-ts-2.2.19.tgz",
			"integrity": "sha512-ED0GQwvKRr5C2jqOOJCkuJW2clnbzqFexQ8V7Qsb+VB36S1Mk/OKH7k0FjSe4mjKy9qBRA3OqgVGyFMUEKIubw==",
			"peerDependencies": {
				"fp-ts": "^2.5.0"
			}
		},
		"node_modules/is-plain-object": {
			"version": "5.0.0",
			"resolved": "https://registry.npmjs.org/is-plain-object/-/is-plain-object-5.0.0.tgz",
			"integrity": "sha512-VRSzKkbMm5jMDoKLbltAkFQ5Qr7VDiTFGXxYFXXowVj387GeGNOCsOH6Msy00SGZ3Fp84b1Naa1psqgcCIEP5Q==",
			"engines": {
				"node": ">=0.10.0"
			}
		},
		"node_modules/js-tokens": {
			"version": "4.0.0",
			"resolved": "https://registry.npmjs.org/js-tokens/-/js-tokens-4.0.0.tgz",
			"integrity": "sha512-RdJUflcE3cUzKiMqQgsCu06FPu9UdIJO0beYbPhHN4k6apgJtifcoCtT9bcxOpYBtpD2kCM6Sbzg4CausW/PKQ==",
			"peer": true
		},
		"node_modules/loose-envify": {
			"version": "1.4.0",
			"resolved": "https://registry.npmjs.org/loose-envify/-/loose-envify-1.4.0.tgz",
			"integrity": "sha512-lyuxPGr/Wfhrlem2CL/UcnUc1zcqKAImBDzukY7Y5F/yQiNdko6+fRLevlw1HgMySw7f611UIY408EtxRSoK3Q==",
			"peer": true,
			"dependencies": {
				"js-tokens": "^3.0.0 || ^4.0.0"
			},
			"bin": {
				"loose-envify": "cli.js"
			}
		},
		"node_modules/node-fetch": {
			"version": "2.6.7",
			"resolved": "https://registry.npmjs.org/node-fetch/-/node-fetch-2.6.7.tgz",
			"integrity": "sha512-ZjMPFEfVx5j+y2yF35Kzx5sF7kDzxuDj6ziH4FFbOp87zKDZNx8yExJIb05OGF4Nlt9IHFIMBkRl41VdvcNdbQ==",
			"dependencies": {
				"whatwg-url": "^5.0.0"
			},
			"engines": {
				"node": "4.x || >=6.0.0"
			},
			"peerDependencies": {
				"encoding": "^0.1.0"
			},
			"peerDependenciesMeta": {
				"encoding": {
					"optional": true
				}
			}
		},
		"node_modules/object-assign": {
			"version": "4.1.1",
			"resolved": "https://registry.npmjs.org/object-assign/-/object-assign-4.1.1.tgz",
			"integrity": "sha512-rJgTQnkUnH1sFw8yT6VSU3zD3sWmu6sZhIseY8VX+GRu3P6F7Fu+JNDoXfklElbLJSnc3FUQHVe4cU5hj+BcUg==",
			"peer": true,
			"engines": {
				"node": ">=0.10.0"
			}
		},
		"node_modules/once": {
			"version": "1.4.0",
			"resolved": "https://registry.npmjs.org/once/-/once-1.4.0.tgz",
			"integrity": "sha512-lNaJgI+2Q5URQBkccEKHTQOPaXdUxnZZElQTZY0MFUAuaEqe1E+Nyvgdz/aIyNi6Z9MzO5dv1H8n58/GELp3+w==",
			"dependencies": {
				"wrappy": "1"
			}
		},
		"node_modules/prettier": {
			"version": "2.8.1",
			"resolved": "https://registry.npmjs.org/prettier/-/prettier-2.8.1.tgz",
			"integrity": "sha512-lqGoSJBQNJidqCHE80vqZJHWHRFoNYsSpP9AjFhlhi9ODCJA541svILes/+/1GM3VaL/abZi7cpFzOpdR9UPKg==",
			"dev": true,
			"bin": {
				"prettier": "bin-prettier.js"
			},
			"engines": {
				"node": ">=10.13.0"
			},
			"funding": {
				"url": "https://github.com/prettier/prettier?sponsor=1"
			}
		},
		"node_modules/react": {
			"version": "17.0.2",
			"resolved": "https://registry.npmjs.org/react/-/react-17.0.2.tgz",
			"integrity": "sha512-gnhPt75i/dq/z3/6q/0asP78D0u592D5L1pd7M8P+dck6Fu/jJeL6iVVK23fptSUZj8Vjf++7wXA8UNclGQcbA==",
			"peer": true,
			"dependencies": {
				"loose-envify": "^1.1.0",
				"object-assign": "^4.1.1"
			},
			"engines": {
				"node": ">=0.10.0"
			}
		},
		"node_modules/reghex": {
			"version": "1.0.2",
			"resolved": "https://registry.npmjs.org/reghex/-/reghex-1.0.2.tgz",
			"integrity": "sha512-bYtyDmFGHxn1Y4gxIs12+AUQ1WRDNvaIhn6ZuKc5KUbSVcmm6U6vx/RA66s26xGhTWBErKKDKK7lorkvvIBB5g=="
		},
		"node_modules/shellac": {
			"version": "0.7.2",
			"resolved": "https://registry.npmjs.org/shellac/-/shellac-0.7.2.tgz",
			"integrity": "sha512-6We131u107HMG+z21X7wxwc5AJiI7B9ieo251j2ejXl3XBoyLiT25tlphzelFrW9fKwgySzxPxrobak0o69JHQ==",
			"dependencies": {
				"reghex": "^1.0.2"
			}
		},
		"node_modules/streamsearch": {
			"version": "1.1.0",
			"resolved": "https://registry.npmjs.org/streamsearch/-/streamsearch-1.1.0.tgz",
			"integrity": "sha512-Mcc5wHehp9aXz1ax6bZUyY5afg9u2rv5cqQI3mRrYkGC8rW2hM02jWuwjtL++LS5qinSyhj2QfLyNsuc+VsExg==",
			"engines": {
				"node": ">=10.0.0"
			}
		},
		"node_modules/tr46": {
			"version": "0.0.3",
			"resolved": "https://registry.npmjs.org/tr46/-/tr46-0.0.3.tgz",
			"integrity": "sha512-N3WMsuqV66lT30CrXNbEjx4GEwlow3v6rr4mCcv6prnfwhS01rkgyFdjPNBYd9br7LpXV1+Emh01fHnq2Gdgrw=="
		},
		"node_modules/tunnel": {
			"version": "0.0.6",
			"resolved": "https://registry.npmjs.org/tunnel/-/tunnel-0.0.6.tgz",
			"integrity": "sha512-1h/Lnq9yajKY2PEbBadPXj3VxsDDu844OnaAo52UVmIzIvwwtBPIuNvkjuzBlTWpfJyUbG3ez0KSBibQkj4ojg==",
			"engines": {
				"node": ">=0.6.11 <=0.7.0 || >=0.7.3"
			}
		},
		"node_modules/typescript": {
			"version": "4.8.4",
			"resolved": "https://registry.npmjs.org/typescript/-/typescript-4.8.4.tgz",
			"integrity": "sha512-QCh+85mCy+h0IGff8r5XWzOVSbBO+KfeYrMQh7NJ58QujwcE22u+NUSmUxqF+un70P9GXKxa2HCNiTTMJknyjQ==",
			"dev": true,
			"bin": {
				"tsc": "bin/tsc",
				"tsserver": "bin/tsserver"
			},
			"engines": {
				"node": ">=4.2.0"
			}
		},
		"node_modules/undici": {
			"version": "5.19.1",
			"resolved": "https://registry.npmjs.org/undici/-/undici-5.19.1.tgz",
			"integrity": "sha512-YiZ61LPIgY73E7syxCDxxa3LV2yl3sN8spnIuTct60boiiRaE1J8mNWHO8Im2Zi/sFrPusjLlmRPrsyraSqX6A==",
			"dependencies": {
				"busboy": "^1.6.0"
			},
			"engines": {
				"node": ">=12.18"
			}
		},
		"node_modules/universal-user-agent": {
			"version": "6.0.0",
			"resolved": "https://registry.npmjs.org/universal-user-agent/-/universal-user-agent-6.0.0.tgz",
			"integrity": "sha512-isyNax3wXoKaulPDZWHQqbmIx1k2tb9fb3GGDBRxCscfYV2Ch7WxPArBsFEG8s/safwXTT7H4QGhaIkTp9447w=="
		},
		"node_modules/uuid": {
			"version": "8.3.2",
			"resolved": "https://registry.npmjs.org/uuid/-/uuid-8.3.2.tgz",
			"integrity": "sha512-+NYs2QeMWy+GWFOEm9xnn6HCDp0l7QBD7ml8zLUmJ+93Q5NF0NocErnwkTkXVFNiX3/fpC6afS8Dhb/gz7R7eg==",
			"bin": {
				"uuid": "dist/bin/uuid"
			}
		},
		"node_modules/webidl-conversions": {
			"version": "3.0.1",
			"resolved": "https://registry.npmjs.org/webidl-conversions/-/webidl-conversions-3.0.1.tgz",
			"integrity": "sha512-2JAn3z8AR6rjK8Sm8orRC0h/bcl/DqL7tRPdGZ4I1CjdF+EaMLmYxBHyXuKL849eucPFhvBoxMsflfOb8kxaeQ=="
		},
		"node_modules/whatwg-url": {
			"version": "5.0.0",
			"resolved": "https://registry.npmjs.org/whatwg-url/-/whatwg-url-5.0.0.tgz",
			"integrity": "sha512-saE57nupxk6v3HY35+jzBwYa0rKSy0XR8JSxZPwgLr7ys0IBzhGviA1/TUGJLmSVqs8pb9AnvICXEuOHLprYTw==",
			"dependencies": {
				"tr46": "~0.0.3",
				"webidl-conversions": "^3.0.0"
			}
		},
		"node_modules/wrappy": {
			"version": "1.0.2",
			"resolved": "https://registry.npmjs.org/wrappy/-/wrappy-1.0.2.tgz",
			"integrity": "sha512-l4Sp/DRseor9wL6EvV2+TuQn63dMkPjZ/sp9XkghTEbV9KlPS1xUsZ3u7/IQO4wxtcFB4bgpQPRcR3QCvezPcQ=="
		}
	},
	"dependencies": {
		"@actions/core": {
			"version": "1.10.0",
			"resolved": "https://registry.npmjs.org/@actions/core/-/core-1.10.0.tgz",
			"integrity": "sha512-2aZDDa3zrrZbP5ZYg159sNoLRb61nQ7awl5pSvIq5Qpj81vwDzdMRKzkWJGJuwVvWpvZKx7vspJALyvaaIQyug==",
			"requires": {
				"@actions/http-client": "^2.0.1",
				"uuid": "^8.3.2"
			}
		},
		"@actions/github": {
			"version": "5.1.1",
			"resolved": "https://registry.npmjs.org/@actions/github/-/github-5.1.1.tgz",
			"integrity": "sha512-Nk59rMDoJaV+mHCOJPXuvB1zIbomlKS0dmSIqPGxd0enAXBnOfn4VWF+CGtRCwXZG9Epa54tZA7VIRlJDS8A6g==",
			"requires": {
				"@actions/http-client": "^2.0.1",
				"@octokit/core": "^3.6.0",
				"@octokit/plugin-paginate-rest": "^2.17.0",
				"@octokit/plugin-rest-endpoint-methods": "^5.13.0"
			}
		},
		"@actions/http-client": {
			"version": "2.0.1",
			"resolved": "https://registry.npmjs.org/@actions/http-client/-/http-client-2.0.1.tgz",
			"integrity": "sha512-PIXiMVtz6VvyaRsGY268qvj57hXQEpsYogYOu2nrQhlf+XCGmZstmuZBbAybUl1nQGnvS1k1eEsQ69ZoD7xlSw==",
			"requires": {
				"tunnel": "^0.0.6"
			}
		},
		"@cloudflare/intl-types": {
			"version": "1.2.0",
			"resolved": "https://registry.npmjs.org/@cloudflare/intl-types/-/intl-types-1.2.0.tgz",
			"integrity": "sha512-xgGzLisCOrN4KMbGH+WKUTiLB9fhLMSrnmwfDlV51KVd+6+7hJnUAlJ8Vuqj2x40IgI3ELaN3DTh1FY1B9hkgQ==",
			"requires": {}
		},
		"@cloudflare/types": {
			"version": "6.18.16",
			"resolved": "https://registry.npmjs.org/@cloudflare/types/-/types-6.18.16.tgz",
			"integrity": "sha512-CTlwcgdnksgnifcWj91mUCDn9gdm8NAG4dQ8NzVv3IrQT+YuhBJxXelJwucJZQYv7hL/gzbveyf/ikP6kljsdA==",
			"requires": {
				"@cloudflare/intl-types": "^1.2.0",
				"@cloudflare/util-en-garde": "^8.0.10"
			}
		},
		"@cloudflare/util-en-garde": {
			"version": "8.0.10",
			"resolved": "https://registry.npmjs.org/@cloudflare/util-en-garde/-/util-en-garde-8.0.10.tgz",
			"integrity": "sha512-qdCFf90hoZzT4o4xEmxOKUf9+bEJNGh4ANnRYApo6BMyVnHoHEHAQ3nWmGSHBmo+W9hOk2Ik7r1oHLbI0O/RRg==",
			"requires": {
				"fp-ts": "^2.1.1",
				"io-ts": "^2.0.1"
			}
		},
		"@esbuild/android-arm": {
			"version": "0.15.12",
			"resolved": "https://registry.npmjs.org/@esbuild/android-arm/-/android-arm-0.15.12.tgz",
			"integrity": "sha512-IC7TqIqiyE0MmvAhWkl/8AEzpOtbhRNDo7aph47We1NbE5w2bt/Q+giAhe0YYeVpYnIhGMcuZY92qDK6dQauvA==",
			"dev": true,
			"optional": true
		},
		"@esbuild/linux-loong64": {
			"version": "0.15.12",
			"resolved": "https://registry.npmjs.org/@esbuild/linux-loong64/-/linux-loong64-0.15.12.tgz",
			"integrity": "sha512-tZEowDjvU7O7I04GYvWQOS4yyP9E/7YlsB0jjw1Ycukgr2ycEzKyIk5tms5WnLBymaewc6VmRKnn5IJWgK4eFw==",
			"dev": true,
			"optional": true
		},
		"@octokit/auth-token": {
			"version": "2.5.0",
			"resolved": "https://registry.npmjs.org/@octokit/auth-token/-/auth-token-2.5.0.tgz",
			"integrity": "sha512-r5FVUJCOLl19AxiuZD2VRZ/ORjp/4IN98Of6YJoJOkY75CIBuYfmiNHGrDwXr+aLGG55igl9QrxX3hbiXlLb+g==",
			"requires": {
				"@octokit/types": "^6.0.3"
			}
		},
		"@octokit/core": {
			"version": "3.6.0",
			"resolved": "https://registry.npmjs.org/@octokit/core/-/core-3.6.0.tgz",
			"integrity": "sha512-7RKRKuA4xTjMhY+eG3jthb3hlZCsOwg3rztWh75Xc+ShDWOfDDATWbeZpAHBNRpm4Tv9WgBMOy1zEJYXG6NJ7Q==",
			"requires": {
				"@octokit/auth-token": "^2.4.4",
				"@octokit/graphql": "^4.5.8",
				"@octokit/request": "^5.6.3",
				"@octokit/request-error": "^2.0.5",
				"@octokit/types": "^6.0.3",
				"before-after-hook": "^2.2.0",
				"universal-user-agent": "^6.0.0"
			}
		},
		"@octokit/endpoint": {
			"version": "6.0.12",
			"resolved": "https://registry.npmjs.org/@octokit/endpoint/-/endpoint-6.0.12.tgz",
			"integrity": "sha512-lF3puPwkQWGfkMClXb4k/eUT/nZKQfxinRWJrdZaJO85Dqwo/G0yOC434Jr2ojwafWJMYqFGFa5ms4jJUgujdA==",
			"requires": {
				"@octokit/types": "^6.0.3",
				"is-plain-object": "^5.0.0",
				"universal-user-agent": "^6.0.0"
			}
		},
		"@octokit/graphql": {
			"version": "4.8.0",
			"resolved": "https://registry.npmjs.org/@octokit/graphql/-/graphql-4.8.0.tgz",
			"integrity": "sha512-0gv+qLSBLKF0z8TKaSKTsS39scVKF9dbMxJpj3U0vC7wjNWFuIpL/z76Qe2fiuCbDRcJSavkXsVtMS6/dtQQsg==",
			"requires": {
				"@octokit/request": "^5.6.0",
				"@octokit/types": "^6.0.3",
				"universal-user-agent": "^6.0.0"
			}
		},
		"@octokit/openapi-types": {
			"version": "12.11.0",
			"resolved": "https://registry.npmjs.org/@octokit/openapi-types/-/openapi-types-12.11.0.tgz",
			"integrity": "sha512-VsXyi8peyRq9PqIz/tpqiL2w3w80OgVMwBHltTml3LmVvXiphgeqmY9mvBw9Wu7e0QWk/fqD37ux8yP5uVekyQ=="
		},
		"@octokit/plugin-paginate-rest": {
			"version": "2.21.3",
			"resolved": "https://registry.npmjs.org/@octokit/plugin-paginate-rest/-/plugin-paginate-rest-2.21.3.tgz",
			"integrity": "sha512-aCZTEf0y2h3OLbrgKkrfFdjRL6eSOo8komneVQJnYecAxIej7Bafor2xhuDJOIFau4pk0i/P28/XgtbyPF0ZHw==",
			"requires": {
				"@octokit/types": "^6.40.0"
			}
		},
		"@octokit/plugin-rest-endpoint-methods": {
			"version": "5.16.2",
			"resolved": "https://registry.npmjs.org/@octokit/plugin-rest-endpoint-methods/-/plugin-rest-endpoint-methods-5.16.2.tgz",
			"integrity": "sha512-8QFz29Fg5jDuTPXVtey05BLm7OB+M8fnvE64RNegzX7U+5NUXcOcnpTIK0YfSHBg8gYd0oxIq3IZTe9SfPZiRw==",
			"requires": {
				"@octokit/types": "^6.39.0",
				"deprecation": "^2.3.1"
			}
		},
		"@octokit/request": {
			"version": "5.6.3",
			"resolved": "https://registry.npmjs.org/@octokit/request/-/request-5.6.3.tgz",
			"integrity": "sha512-bFJl0I1KVc9jYTe9tdGGpAMPy32dLBXXo1dS/YwSCTL/2nd9XeHsY616RE3HPXDVk+a+dBuzyz5YdlXwcDTr2A==",
			"requires": {
				"@octokit/endpoint": "^6.0.1",
				"@octokit/request-error": "^2.1.0",
				"@octokit/types": "^6.16.1",
				"is-plain-object": "^5.0.0",
				"node-fetch": "^2.6.7",
				"universal-user-agent": "^6.0.0"
			}
		},
		"@octokit/request-error": {
			"version": "2.1.0",
			"resolved": "https://registry.npmjs.org/@octokit/request-error/-/request-error-2.1.0.tgz",
			"integrity": "sha512-1VIvgXxs9WHSjicsRwq8PlR2LR2x6DwsJAaFgzdi0JfJoGSO8mYI/cHJQ+9FbN21aa+DrgNLnwObmyeSC8Rmpg==",
			"requires": {
				"@octokit/types": "^6.0.3",
				"deprecation": "^2.0.0",
				"once": "^1.4.0"
			}
		},
		"@octokit/types": {
			"version": "6.41.0",
			"resolved": "https://registry.npmjs.org/@octokit/types/-/types-6.41.0.tgz",
			"integrity": "sha512-eJ2jbzjdijiL3B4PrSQaSjuF2sPEQPVCPzBvTHJD9Nz+9dw2SGH4K4xeQJ77YfTq5bRQ+bD8wT11JbeDPmxmGg==",
			"requires": {
				"@octokit/openapi-types": "^12.11.0"
			}
		},
		"@types/node": {
			"version": "18.11.3",
			"resolved": "https://registry.npmjs.org/@types/node/-/node-18.11.3.tgz",
			"integrity": "sha512-fNjDQzzOsZeKZu5NATgXUPsaFaTxeRgFXoosrHivTl8RGeV733OLawXsGfEk9a8/tySyZUyiZ6E8LcjPFZ2y1A==",
			"dev": true
		},
		"before-after-hook": {
			"version": "2.2.3",
			"resolved": "https://registry.npmjs.org/before-after-hook/-/before-after-hook-2.2.3.tgz",
			"integrity": "sha512-NzUnlZexiaH/46WDhANlyR2bXRopNg4F/zuSA3OpZnllCUgRaOF2znDioDWrmbNVsuZk6l9pMquQB38cfBZwkQ=="
		},
		"busboy": {
			"version": "1.6.0",
			"resolved": "https://registry.npmjs.org/busboy/-/busboy-1.6.0.tgz",
			"integrity": "sha512-8SFQbg/0hQ9xy3UNTB0YEnsNBbWfhf7RtnzpL7TkBiTBRfrQ9Fxcnz7VJsleJpyp6rVLvXiuORqjlHi5q+PYuA==",
			"requires": {
				"streamsearch": "^1.1.0"
			}
		},
		"deprecation": {
			"version": "2.3.1",
			"resolved": "https://registry.npmjs.org/deprecation/-/deprecation-2.3.1.tgz",
			"integrity": "sha512-xmHIy4F3scKVwMsQ4WnVaS8bHOx0DmVwRywosKhaILI0ywMDWPtBSku2HNxRvF7jtwDRsoEwYQSfbxj8b7RlJQ=="
		},
		"esbuild": {
			"version": "0.15.12",
			"resolved": "https://registry.npmjs.org/esbuild/-/esbuild-0.15.12.tgz",
			"integrity": "sha512-PcT+/wyDqJQsRVhaE9uX/Oq4XLrFh0ce/bs2TJh4CSaw9xuvI+xFrH2nAYOADbhQjUgAhNWC5LKoUsakm4dxng==",
			"dev": true,
			"requires": {
				"@esbuild/android-arm": "0.15.12",
				"@esbuild/linux-loong64": "0.15.12",
				"esbuild-android-64": "0.15.12",
				"esbuild-android-arm64": "0.15.12",
				"esbuild-darwin-64": "0.15.12",
				"esbuild-darwin-arm64": "0.15.12",
				"esbuild-freebsd-64": "0.15.12",
				"esbuild-freebsd-arm64": "0.15.12",
				"esbuild-linux-32": "0.15.12",
				"esbuild-linux-64": "0.15.12",
				"esbuild-linux-arm": "0.15.12",
				"esbuild-linux-arm64": "0.15.12",
				"esbuild-linux-mips64le": "0.15.12",
				"esbuild-linux-ppc64le": "0.15.12",
				"esbuild-linux-riscv64": "0.15.12",
				"esbuild-linux-s390x": "0.15.12",
				"esbuild-netbsd-64": "0.15.12",
				"esbuild-openbsd-64": "0.15.12",
				"esbuild-sunos-64": "0.15.12",
				"esbuild-windows-32": "0.15.12",
				"esbuild-windows-64": "0.15.12",
				"esbuild-windows-arm64": "0.15.12"
			}
		},
		"esbuild-android-64": {
			"version": "0.15.12",
			"resolved": "https://registry.npmjs.org/esbuild-android-64/-/esbuild-android-64-0.15.12.tgz",
			"integrity": "sha512-MJKXwvPY9g0rGps0+U65HlTsM1wUs9lbjt5CU19RESqycGFDRijMDQsh68MtbzkqWSRdEtiKS1mtPzKneaAI0Q==",
			"dev": true,
			"optional": true
		},
		"esbuild-android-arm64": {
			"version": "0.15.12",
			"resolved": "https://registry.npmjs.org/esbuild-android-arm64/-/esbuild-android-arm64-0.15.12.tgz",
			"integrity": "sha512-Hc9SEcZbIMhhLcvhr1DH+lrrec9SFTiRzfJ7EGSBZiiw994gfkVV6vG0sLWqQQ6DD7V4+OggB+Hn0IRUdDUqvA==",
			"dev": true,
			"optional": true
		},
		"esbuild-darwin-64": {
			"version": "0.15.12",
			"resolved": "https://registry.npmjs.org/esbuild-darwin-64/-/esbuild-darwin-64-0.15.12.tgz",
			"integrity": "sha512-qkmqrTVYPFiePt5qFjP8w/S+GIUMbt6k8qmiPraECUWfPptaPJUGkCKrWEfYFRWB7bY23FV95rhvPyh/KARP8Q==",
			"dev": true,
			"optional": true
		},
		"esbuild-darwin-arm64": {
			"version": "0.15.12",
			"resolved": "https://registry.npmjs.org/esbuild-darwin-arm64/-/esbuild-darwin-arm64-0.15.12.tgz",
			"integrity": "sha512-z4zPX02tQ41kcXMyN3c/GfZpIjKoI/BzHrdKUwhC/Ki5BAhWv59A9M8H+iqaRbwpzYrYidTybBwiZAIWCLJAkw==",
			"dev": true,
			"optional": true
		},
		"esbuild-freebsd-64": {
			"version": "0.15.12",
			"resolved": "https://registry.npmjs.org/esbuild-freebsd-64/-/esbuild-freebsd-64-0.15.12.tgz",
			"integrity": "sha512-XFL7gKMCKXLDiAiBjhLG0XECliXaRLTZh6hsyzqUqPUf/PY4C6EJDTKIeqqPKXaVJ8+fzNek88285krSz1QECw==",
			"dev": true,
			"optional": true
		},
		"esbuild-freebsd-arm64": {
			"version": "0.15.12",
			"resolved": "https://registry.npmjs.org/esbuild-freebsd-arm64/-/esbuild-freebsd-arm64-0.15.12.tgz",
			"integrity": "sha512-jwEIu5UCUk6TjiG1X+KQnCGISI+ILnXzIzt9yDVrhjug2fkYzlLbl0K43q96Q3KB66v6N1UFF0r5Ks4Xo7i72g==",
			"dev": true,
			"optional": true
		},
		"esbuild-linux-32": {
			"version": "0.15.12",
			"resolved": "https://registry.npmjs.org/esbuild-linux-32/-/esbuild-linux-32-0.15.12.tgz",
			"integrity": "sha512-uSQuSEyF1kVzGzuIr4XM+v7TPKxHjBnLcwv2yPyCz8riV8VUCnO/C4BF3w5dHiVpCd5Z1cebBtZJNlC4anWpwA==",
			"dev": true,
			"optional": true
		},
		"esbuild-linux-64": {
			"version": "0.15.12",
			"resolved": "https://registry.npmjs.org/esbuild-linux-64/-/esbuild-linux-64-0.15.12.tgz",
			"integrity": "sha512-QcgCKb7zfJxqT9o5z9ZUeGH1k8N6iX1Y7VNsEi5F9+HzN1OIx7ESxtQXDN9jbeUSPiRH1n9cw6gFT3H4qbdvcA==",
			"dev": true,
			"optional": true
		},
		"esbuild-linux-arm": {
			"version": "0.15.12",
			"resolved": "https://registry.npmjs.org/esbuild-linux-arm/-/esbuild-linux-arm-0.15.12.tgz",
			"integrity": "sha512-Wf7T0aNylGcLu7hBnzMvsTfEXdEdJY/hY3u36Vla21aY66xR0MS5I1Hw8nVquXjTN0A6fk/vnr32tkC/C2lb0A==",
			"dev": true,
			"optional": true
		},
		"esbuild-linux-arm64": {
			"version": "0.15.12",
			"resolved": "https://registry.npmjs.org/esbuild-linux-arm64/-/esbuild-linux-arm64-0.15.12.tgz",
			"integrity": "sha512-HtNq5xm8fUpZKwWKS2/YGwSfTF+339L4aIA8yphNKYJckd5hVdhfdl6GM2P3HwLSCORS++++7++//ApEwXEuAQ==",
			"dev": true,
			"optional": true
		},
		"esbuild-linux-mips64le": {
			"version": "0.15.12",
			"resolved": "https://registry.npmjs.org/esbuild-linux-mips64le/-/esbuild-linux-mips64le-0.15.12.tgz",
			"integrity": "sha512-Qol3+AvivngUZkTVFgLpb0H6DT+N5/zM3V1YgTkryPYFeUvuT5JFNDR3ZiS6LxhyF8EE+fiNtzwlPqMDqVcc6A==",
			"dev": true,
			"optional": true
		},
		"esbuild-linux-ppc64le": {
			"version": "0.15.12",
			"resolved": "https://registry.npmjs.org/esbuild-linux-ppc64le/-/esbuild-linux-ppc64le-0.15.12.tgz",
			"integrity": "sha512-4D8qUCo+CFKaR0cGXtGyVsOI7w7k93Qxb3KFXWr75An0DHamYzq8lt7TNZKoOq/Gh8c40/aKaxvcZnTgQ0TJNg==",
			"dev": true,
			"optional": true
		},
		"esbuild-linux-riscv64": {
			"version": "0.15.12",
			"resolved": "https://registry.npmjs.org/esbuild-linux-riscv64/-/esbuild-linux-riscv64-0.15.12.tgz",
			"integrity": "sha512-G9w6NcuuCI6TUUxe6ka0enjZHDnSVK8bO+1qDhMOCtl7Tr78CcZilJj8SGLN00zO5iIlwNRZKHjdMpfFgNn1VA==",
			"dev": true,
			"optional": true
		},
		"esbuild-linux-s390x": {
			"version": "0.15.12",
			"resolved": "https://registry.npmjs.org/esbuild-linux-s390x/-/esbuild-linux-s390x-0.15.12.tgz",
			"integrity": "sha512-Lt6BDnuXbXeqSlVuuUM5z18GkJAZf3ERskGZbAWjrQoi9xbEIsj/hEzVnSAFLtkfLuy2DE4RwTcX02tZFunXww==",
			"dev": true,
			"optional": true
		},
		"esbuild-netbsd-64": {
			"version": "0.15.12",
			"resolved": "https://registry.npmjs.org/esbuild-netbsd-64/-/esbuild-netbsd-64-0.15.12.tgz",
			"integrity": "sha512-jlUxCiHO1dsqoURZDQts+HK100o0hXfi4t54MNRMCAqKGAV33JCVvMplLAa2FwviSojT/5ZG5HUfG3gstwAG8w==",
			"dev": true,
			"optional": true
		},
		"esbuild-openbsd-64": {
			"version": "0.15.12",
			"resolved": "https://registry.npmjs.org/esbuild-openbsd-64/-/esbuild-openbsd-64-0.15.12.tgz",
			"integrity": "sha512-1o1uAfRTMIWNOmpf8v7iudND0L6zRBYSH45sofCZywrcf7NcZA+c7aFsS1YryU+yN7aRppTqdUK1PgbZVaB1Dw==",
			"dev": true,
			"optional": true
		},
		"esbuild-sunos-64": {
			"version": "0.15.12",
			"resolved": "https://registry.npmjs.org/esbuild-sunos-64/-/esbuild-sunos-64-0.15.12.tgz",
			"integrity": "sha512-nkl251DpoWoBO9Eq9aFdoIt2yYmp4I3kvQjba3jFKlMXuqQ9A4q+JaqdkCouG3DHgAGnzshzaGu6xofGcXyPXg==",
			"dev": true,
			"optional": true
		},
		"esbuild-windows-32": {
			"version": "0.15.12",
			"resolved": "https://registry.npmjs.org/esbuild-windows-32/-/esbuild-windows-32-0.15.12.tgz",
			"integrity": "sha512-WlGeBZHgPC00O08luIp5B2SP4cNCp/PcS+3Pcg31kdcJPopHxLkdCXtadLU9J82LCfw4TVls21A6lilQ9mzHrw==",
			"dev": true,
			"optional": true
		},
		"esbuild-windows-64": {
			"version": "0.15.12",
			"resolved": "https://registry.npmjs.org/esbuild-windows-64/-/esbuild-windows-64-0.15.12.tgz",
			"integrity": "sha512-VActO3WnWZSN//xjSfbiGOSyC+wkZtI8I4KlgrTo5oHJM6z3MZZBCuFaZHd8hzf/W9KPhF0lY8OqlmWC9HO5AA==",
			"dev": true,
			"optional": true
		},
		"esbuild-windows-arm64": {
			"version": "0.15.12",
			"resolved": "https://registry.npmjs.org/esbuild-windows-arm64/-/esbuild-windows-arm64-0.15.12.tgz",
			"integrity": "sha512-Of3MIacva1OK/m4zCNIvBfz8VVROBmQT+gRX6pFTLPngFYcj6TFH/12VveAqq1k9VB2l28EoVMNMUCcmsfwyuA==",
			"dev": true,
			"optional": true
		},
		"fp-ts": {
			"version": "2.13.1",
			"resolved": "https://registry.npmjs.org/fp-ts/-/fp-ts-2.13.1.tgz",
			"integrity": "sha512-0eu5ULPS2c/jsa1lGFneEFFEdTbembJv8e4QKXeVJ3lm/5hyve06dlKZrpxmMwJt6rYen7sxmHHK2CLaXvWuWQ=="
		},
		"husky": {
			"version": "8.0.1",
			"resolved": "https://registry.npmjs.org/husky/-/husky-8.0.1.tgz",
			"integrity": "sha512-xs7/chUH/CKdOCs7Zy0Aev9e/dKOMZf3K1Az1nar3tzlv0jfqnYtu235bstsWTmXOR0EfINrPa97yy4Lz6RiKw==",
			"dev": true
		},
		"io-ts": {
			"version": "2.2.19",
			"resolved": "https://registry.npmjs.org/io-ts/-/io-ts-2.2.19.tgz",
			"integrity": "sha512-ED0GQwvKRr5C2jqOOJCkuJW2clnbzqFexQ8V7Qsb+VB36S1Mk/OKH7k0FjSe4mjKy9qBRA3OqgVGyFMUEKIubw==",
			"requires": {}
		},
		"is-plain-object": {
			"version": "5.0.0",
			"resolved": "https://registry.npmjs.org/is-plain-object/-/is-plain-object-5.0.0.tgz",
			"integrity": "sha512-VRSzKkbMm5jMDoKLbltAkFQ5Qr7VDiTFGXxYFXXowVj387GeGNOCsOH6Msy00SGZ3Fp84b1Naa1psqgcCIEP5Q=="
		},
		"js-tokens": {
			"version": "4.0.0",
			"resolved": "https://registry.npmjs.org/js-tokens/-/js-tokens-4.0.0.tgz",
			"integrity": "sha512-RdJUflcE3cUzKiMqQgsCu06FPu9UdIJO0beYbPhHN4k6apgJtifcoCtT9bcxOpYBtpD2kCM6Sbzg4CausW/PKQ==",
			"peer": true
		},
		"loose-envify": {
			"version": "1.4.0",
			"resolved": "https://registry.npmjs.org/loose-envify/-/loose-envify-1.4.0.tgz",
			"integrity": "sha512-lyuxPGr/Wfhrlem2CL/UcnUc1zcqKAImBDzukY7Y5F/yQiNdko6+fRLevlw1HgMySw7f611UIY408EtxRSoK3Q==",
			"peer": true,
			"requires": {
				"js-tokens": "^3.0.0 || ^4.0.0"
			}
		},
		"node-fetch": {
			"version": "2.6.7",
			"resolved": "https://registry.npmjs.org/node-fetch/-/node-fetch-2.6.7.tgz",
			"integrity": "sha512-ZjMPFEfVx5j+y2yF35Kzx5sF7kDzxuDj6ziH4FFbOp87zKDZNx8yExJIb05OGF4Nlt9IHFIMBkRl41VdvcNdbQ==",
			"requires": {
				"whatwg-url": "^5.0.0"
			}
		},
		"object-assign": {
			"version": "4.1.1",
			"resolved": "https://registry.npmjs.org/object-assign/-/object-assign-4.1.1.tgz",
			"integrity": "sha512-rJgTQnkUnH1sFw8yT6VSU3zD3sWmu6sZhIseY8VX+GRu3P6F7Fu+JNDoXfklElbLJSnc3FUQHVe4cU5hj+BcUg==",
			"peer": true
		},
		"once": {
			"version": "1.4.0",
			"resolved": "https://registry.npmjs.org/once/-/once-1.4.0.tgz",
			"integrity": "sha512-lNaJgI+2Q5URQBkccEKHTQOPaXdUxnZZElQTZY0MFUAuaEqe1E+Nyvgdz/aIyNi6Z9MzO5dv1H8n58/GELp3+w==",
			"requires": {
				"wrappy": "1"
			}
		},
		"prettier": {
			"version": "2.8.1",
			"resolved": "https://registry.npmjs.org/prettier/-/prettier-2.8.1.tgz",
			"integrity": "sha512-lqGoSJBQNJidqCHE80vqZJHWHRFoNYsSpP9AjFhlhi9ODCJA541svILes/+/1GM3VaL/abZi7cpFzOpdR9UPKg==",
			"dev": true
		},
		"react": {
			"version": "17.0.2",
			"resolved": "https://registry.npmjs.org/react/-/react-17.0.2.tgz",
			"integrity": "sha512-gnhPt75i/dq/z3/6q/0asP78D0u592D5L1pd7M8P+dck6Fu/jJeL6iVVK23fptSUZj8Vjf++7wXA8UNclGQcbA==",
			"peer": true,
			"requires": {
				"loose-envify": "^1.1.0",
				"object-assign": "^4.1.1"
			}
		},
		"reghex": {
			"version": "1.0.2",
			"resolved": "https://registry.npmjs.org/reghex/-/reghex-1.0.2.tgz",
			"integrity": "sha512-bYtyDmFGHxn1Y4gxIs12+AUQ1WRDNvaIhn6ZuKc5KUbSVcmm6U6vx/RA66s26xGhTWBErKKDKK7lorkvvIBB5g=="
		},
		"shellac": {
			"version": "0.7.2",
			"resolved": "https://registry.npmjs.org/shellac/-/shellac-0.7.2.tgz",
			"integrity": "sha512-6We131u107HMG+z21X7wxwc5AJiI7B9ieo251j2ejXl3XBoyLiT25tlphzelFrW9fKwgySzxPxrobak0o69JHQ==",
			"requires": {
				"reghex": "^1.0.2"
			}
		},
		"streamsearch": {
			"version": "1.1.0",
			"resolved": "https://registry.npmjs.org/streamsearch/-/streamsearch-1.1.0.tgz",
			"integrity": "sha512-Mcc5wHehp9aXz1ax6bZUyY5afg9u2rv5cqQI3mRrYkGC8rW2hM02jWuwjtL++LS5qinSyhj2QfLyNsuc+VsExg=="
		},
		"tr46": {
			"version": "0.0.3",
			"resolved": "https://registry.npmjs.org/tr46/-/tr46-0.0.3.tgz",
			"integrity": "sha512-N3WMsuqV66lT30CrXNbEjx4GEwlow3v6rr4mCcv6prnfwhS01rkgyFdjPNBYd9br7LpXV1+Emh01fHnq2Gdgrw=="
		},
		"tunnel": {
			"version": "0.0.6",
			"resolved": "https://registry.npmjs.org/tunnel/-/tunnel-0.0.6.tgz",
			"integrity": "sha512-1h/Lnq9yajKY2PEbBadPXj3VxsDDu844OnaAo52UVmIzIvwwtBPIuNvkjuzBlTWpfJyUbG3ez0KSBibQkj4ojg=="
		},
		"typescript": {
			"version": "4.8.4",
			"resolved": "https://registry.npmjs.org/typescript/-/typescript-4.8.4.tgz",
			"integrity": "sha512-QCh+85mCy+h0IGff8r5XWzOVSbBO+KfeYrMQh7NJ58QujwcE22u+NUSmUxqF+un70P9GXKxa2HCNiTTMJknyjQ==",
			"dev": true
		},
		"undici": {
			"version": "5.19.1",
			"resolved": "https://registry.npmjs.org/undici/-/undici-5.19.1.tgz",
			"integrity": "sha512-YiZ61LPIgY73E7syxCDxxa3LV2yl3sN8spnIuTct60boiiRaE1J8mNWHO8Im2Zi/sFrPusjLlmRPrsyraSqX6A==",
			"requires": {
				"busboy": "^1.6.0"
			}
		},
		"universal-user-agent": {
			"version": "6.0.0",
			"resolved": "https://registry.npmjs.org/universal-user-agent/-/universal-user-agent-6.0.0.tgz",
			"integrity": "sha512-isyNax3wXoKaulPDZWHQqbmIx1k2tb9fb3GGDBRxCscfYV2Ch7WxPArBsFEG8s/safwXTT7H4QGhaIkTp9447w=="
		},
		"uuid": {
			"version": "8.3.2",
			"resolved": "https://registry.npmjs.org/uuid/-/uuid-8.3.2.tgz",
			"integrity": "sha512-+NYs2QeMWy+GWFOEm9xnn6HCDp0l7QBD7ml8zLUmJ+93Q5NF0NocErnwkTkXVFNiX3/fpC6afS8Dhb/gz7R7eg=="
		},
		"webidl-conversions": {
			"version": "3.0.1",
			"resolved": "https://registry.npmjs.org/webidl-conversions/-/webidl-conversions-3.0.1.tgz",
			"integrity": "sha512-2JAn3z8AR6rjK8Sm8orRC0h/bcl/DqL7tRPdGZ4I1CjdF+EaMLmYxBHyXuKL849eucPFhvBoxMsflfOb8kxaeQ=="
		},
		"whatwg-url": {
			"version": "5.0.0",
			"resolved": "https://registry.npmjs.org/whatwg-url/-/whatwg-url-5.0.0.tgz",
			"integrity": "sha512-saE57nupxk6v3HY35+jzBwYa0rKSy0XR8JSxZPwgLr7ys0IBzhGviA1/TUGJLmSVqs8pb9AnvICXEuOHLprYTw==",
			"requires": {
				"tr46": "~0.0.3",
				"webidl-conversions": "^3.0.0"
			}
		},
		"wrappy": {
			"version": "1.0.2",
			"resolved": "https://registry.npmjs.org/wrappy/-/wrappy-1.0.2.tgz",
			"integrity": "sha512-l4Sp/DRseor9wL6EvV2+TuQn63dMkPjZ/sp9XkghTEbV9KlPS1xUsZ3u7/IQO4wxtcFB4bgpQPRcR3QCvezPcQ=="
		}
	}
}
